
Microsoft Visual Studio Solution File, Format Version 12.00
# Visual Studio 15
VisualStudioVersion = 15.0.27703.2047
MinimumVisualStudioVersion = 10.0.40219.1
Project("{FAE04EC0-301F-11D3-BF4B-00C04F79EFBC}") = "E-Shop-Engine.Website", "E-Shop-Engine.Website\E-Shop-Engine.Website.csproj", "{79CDD265-10E6-4DFC-B812-10A4B474A272}"
EndProject
Project("{FAE04EC0-301F-11D3-BF4B-00C04F79EFBC}") = "E-Shop-Engine.Domain", "E-Shop-Engine.Domain\E-Shop-Engine.Domain.csproj", "{6890D687-0482-4C31-A1A4-51409224F01A}"
EndProject
Project("{FAE04EC0-301F-11D3-BF4B-00C04F79EFBC}") = "E-Shop-Engine.Services", "E-Shop-Engine.Services\E-Shop-Engine.Services.csproj", "{0C465D03-447E-4FE6-8781-7F8BA8DEF154}"
EndProject
Project("{FAE04EC0-301F-11D3-BF4B-00C04F79EFBC}") = "E-Shop-Engine.Utilities", "E-Shop-Engine.Utilities\E-Shop-Engine.Utilities.csproj", "{44BA2192-129A-4D41-B03F-072940900CF5}"
EndProject
Project("{FAE04EC0-301F-11D3-BF4B-00C04F79EFBC}") = "E-Shop-Engine.UnitTests", "E-Shop-Engine.UnitTests\E-Shop-Engine.UnitTests.csproj", "{7A0B096C-79A4-467C-8C97-5E92544F3228}"
EndProject
Global
	GlobalSection(SolutionConfigurationPlatforms) = preSolution
		Debug|Any CPU = Debug|Any CPU
		Release|Any CPU = Release|Any CPU
	EndGlobalSection
	GlobalSection(ProjectConfigurationPlatforms) = postSolution
		{79CDD265-10E6-4DFC-B812-10A4B474A272}.Debug|Any CPU.ActiveCfg = Debug|Any CPU
		{79CDD265-10E6-4DFC-B812-10A4B474A272}.Debug|Any CPU.Build.0 = Debug|Any CPU
		{79CDD265-10E6-4DFC-B812-10A4B474A272}.Release|Any CPU.ActiveCfg = Release|Any CPU
		{79CDD265-10E6-4DFC-B812-10A4B474A272}.Release|Any CPU.Build.0 = Release|Any CPU
		{6890D687-0482-4C31-A1A4-51409224F01A}.Debug|Any CPU.ActiveCfg = Debug|Any CPU
		{6890D687-0482-4C31-A1A4-51409224F01A}.Debug|Any CPU.Build.0 = Debug|Any CPU
		{6890D687-0482-4C31-A1A4-51409224F01A}.Release|Any CPU.ActiveCfg = Release|Any CPU
		{6890D687-0482-4C31-A1A4-51409224F01A}.Release|Any CPU.Build.0 = Release|Any CPU
		{0C465D03-447E-4FE6-8781-7F8BA8DEF154}.Debug|Any CPU.ActiveCfg = Debug|Any CPU
		{0C465D03-447E-4FE6-8781-7F8BA8DEF154}.Debug|Any CPU.Build.0 = Debug|Any CPU
		{0C465D03-447E-4FE6-8781-7F8BA8DEF154}.Release|Any CPU.ActiveCfg = Release|Any CPU
		{0C465D03-447E-4FE6-8781-7F8BA8DEF154}.Release|Any CPU.Build.0 = Release|Any CPU
		{44BA2192-129A-4D41-B03F-072940900CF5}.Debug|Any CPU.ActiveCfg = Debug|Any CPU
		{44BA2192-129A-4D41-B03F-072940900CF5}.Debug|Any CPU.Build.0 = Debug|Any CPU
		{44BA2192-129A-4D41-B03F-072940900CF5}.Release|Any CPU.ActiveCfg = Release|Any CPU
		{44BA2192-129A-4D41-B03F-072940900CF5}.Release|Any CPU.Build.0 = Release|Any CPU
		{7A0B096C-79A4-467C-8C97-5E92544F3228}.Debug|Any CPU.ActiveCfg = Debug|Any CPU
		{7A0B096C-79A4-467C-8C97-5E92544F3228}.Debug|Any CPU.Build.0 = Debug|Any CPU
		{7A0B096C-79A4-467C-8C97-5E92544F3228}.Release|Any CPU.ActiveCfg = Release|Any CPU
		{7A0B096C-79A4-467C-8C97-5E92544F3228}.Release|Any CPU.Build.0 = Release|Any CPU
	EndGlobalSection
	GlobalSection(SolutionProperties) = preSolution
		HideSolutionNode = FALSE
	EndGlobalSection
	GlobalSection(ExtensibilityGlobals) = postSolution
		SolutionGuid = {696B485E-2B11-4280-ABD7-8F7F4883B69F}
	EndGlobalSection
EndGlobal
